
Microsoft Visual Studio Solution File, Format Version 12.00
# Visual Studio Version 17
VisualStudioVersion = 17.3.32811.315
MinimumVisualStudioVersion = 10.0.40219.1
Project("{FAE04EC0-301F-11D3-BF4B-00C04F79EFBC}") = "Neuron", "Neuron\Neuron.csproj", "{2CCAE63C-0B74-4012-ADC1-93DD337D084C}"
EndProject
Global
	GlobalSection(SolutionConfigurationPlatforms) = preSolution
		Debug|Any CPU = Debug|Any CPU
		Release|Any CPU = Release|Any CPU
	EndGlobalSection
	GlobalSection(ProjectConfigurationPlatforms) = postSolution
		{2CCAE63C-0B74-4012-ADC1-93DD337D084C}.Debug|Any CPU.ActiveCfg = Debug|Any CPU
		{2CCAE63C-0B74-4012-ADC1-93DD337D084C}.Debug|Any CPU.Build.0 = Debug|Any CPU
		{2CCAE63C-0B74-4012-ADC1-93DD337D084C}.Release|Any CPU.ActiveCfg = Release|Any CPU
		{2CCAE63C-0B74-4012-ADC1-93DD337D084C}.Release|Any CPU.Build.0 = Release|Any CPU
	EndGlobalSection
	GlobalSection(SolutionProperties) = preSolution
		HideSolutionNode = FALSE
	EndGlobalSection
	GlobalSection(ExtensibilityGlobals) = postSolution
		SolutionGuid = {740CE09B-EA67-4D02-BC0C-650C8AA2FBA6}
	EndGlobalSection
EndGlobal
